
Microsoft Visual Studio Solution File, Format Version 12.00
# Visual Studio 15
VisualStudioVersion = 15.0.27428.2037
MinimumVisualStudioVersion = 10.0.40219.1
Project("{FAE04EC0-301F-11D3-BF4B-00C04F79EFBC}") = "TGC.SceneLoader", "TGC.SceneLoader\TGC.SceneLoader.csproj", "{A6106832-1687-482A-927B-E56F674CC64F}"
EndProject
Project("{FAE04EC0-301F-11D3-BF4B-00C04F79EFBC}") = "UnitTestTGC.SceneLoader", "UnitTestTGC.SceneLoader\UnitTestTGC.SceneLoader.csproj", "{1025EEEE-96AF-416E-87BB-6D8899D10BDB}"
EndProject
Global
	GlobalSection(SolutionConfigurationPlatforms) = preSolution
		Debug|Any CPU = Debug|Any CPU
		Release|Any CPU = Release|Any CPU
	EndGlobalSection
	GlobalSection(ProjectConfigurationPlatforms) = postSolution
		{A6106832-1687-482A-927B-E56F674CC64F}.Debug|Any CPU.ActiveCfg = Debug|Any CPU
		{A6106832-1687-482A-927B-E56F674CC64F}.Debug|Any CPU.Build.0 = Debug|Any CPU
		{A6106832-1687-482A-927B-E56F674CC64F}.Release|Any CPU.ActiveCfg = Release|Any CPU
		{A6106832-1687-482A-927B-E56F674CC64F}.Release|Any CPU.Build.0 = Release|Any CPU
		{1025EEEE-96AF-416E-87BB-6D8899D10BDB}.Debug|Any CPU.ActiveCfg = Debug|Any CPU
		{1025EEEE-96AF-416E-87BB-6D8899D10BDB}.Debug|Any CPU.Build.0 = Debug|Any CPU
		{1025EEEE-96AF-416E-87BB-6D8899D10BDB}.Release|Any CPU.ActiveCfg = Release|Any CPU
		{1025EEEE-96AF-416E-87BB-6D8899D10BDB}.Release|Any CPU.Build.0 = Release|Any CPU
	EndGlobalSection
	GlobalSection(SolutionProperties) = preSolution
		HideSolutionNode = FALSE
	EndGlobalSection
	GlobalSection(ExtensibilityGlobals) = postSolution
		SolutionGuid = {4B8B3019-B6D7-471B-AAD4-3E063FC68C8E}
	EndGlobalSection
EndGlobal
